// !$*UTF8*$!
{
	archiveVersion = 1;
	classes = {
	};
	objectVersion = 46;
	objects = {

/* Begin PBXBuildFile section */
		2B329CA21F7D615B00DC9BEC /* AppDelegate.swift in Sources */ = {isa = PBXBuildFile; fileRef = 2B329CA11F7D615B00DC9BEC /* AppDelegate.swift */; };
		2B329CA41F7D615B00DC9BEC /* ViewController.swift in Sources */ = {isa = PBXBuildFile; fileRef = 2B329CA31F7D615B00DC9BEC /* ViewController.swift */; };
		2B329CA71F7D615B00DC9BEC /* Main.storyboard in Resources */ = {isa = PBXBuildFile; fileRef = 2B329CA51F7D615B00DC9BEC /* Main.storyboard */; };
		2B329CA91F7D615B00DC9BEC /* Assets.xcassets in Resources */ = {isa = PBXBuildFile; fileRef = 2B329CA81F7D615B00DC9BEC /* Assets.xcassets */; };
		2B329CAC1F7D615B00DC9BEC /* LaunchScreen.storyboard in Resources */ = {isa = PBXBuildFile; fileRef = 2B329CAA1F7D615B00DC9BEC /* LaunchScreen.storyboard */; };
		2B329CB71F7D615C00DC9BEC /* tdlTests.swift in Sources */ = {isa = PBXBuildFile; fileRef = 2B329CB61F7D615C00DC9BEC /* tdlTests.swift */; };
		2B329CC21F7D615C00DC9BEC /* tdlUITests.swift in Sources */ = {isa = PBXBuildFile; fileRef = 2B329CC11F7D615C00DC9BEC /* tdlUITests.swift */; };
		2B329CD01F7D636300DC9BEC /* SecondViewController.swift in Sources */ = {isa = PBXBuildFile; fileRef = 2B329CCF1F7D636300DC9BEC /* SecondViewController.swift */; };
/* End PBXBuildFile section */

/* Begin PBXContainerItemProxy section */
		2B329CB31F7D615C00DC9BEC /* PBXContainerItemProxy */ = {
			isa = PBXContainerItemProxy;
			containerPortal = 2B329C961F7D615B00DC9BEC /* Project object */;
			proxyType = 1;
			remoteGlobalIDString = 2B329C9D1F7D615B00DC9BEC;
			remoteInfo = tdl;
		};
		2B329CBE1F7D615C00DC9BEC /* PBXContainerItemProxy */ = {
			isa = PBXContainerItemProxy;
			containerPortal = 2B329C961F7D615B00DC9BEC /* Project object */;
			proxyType = 1;
			remoteGlobalIDString = 2B329C9D1F7D615B00DC9BEC;
			remoteInfo = tdl;
		};
/* End PBXContainerItemProxy section */

/* Begin PBXFileReference section */
		2B329C9E1F7D615B00DC9BEC /* tdl.app */ = {isa = PBXFileReference; explicitFileType = wrapper.application; includeInIndex = 0; path = tdl.app; sourceTree = BUILT_PRODUCTS_DIR; };
		2B329CA11F7D615B00DC9BEC /* AppDelegate.swift */ = {isa = PBXFileReference; lastKnownFileType = sourcecode.swift; path = AppDelegate.swift; sourceTree = "<group>"; };
		2B329CA31F7D615B00DC9BEC /* ViewController.swift */ = {isa = PBXFileReference; lastKnownFileType = sourcecode.swift; path = ViewController.swift; sourceTree = "<group>"; };
		2B329CA61F7D615B00DC9BEC /* Base */ = {isa = PBXFileReference; lastKnownFileType = file.storyboard; name = Base; path = Base.lproj/Main.storyboard; sourceTree = "<group>"; };
		2B329CA81F7D615B00DC9BEC /* Assets.xcassets */ = {isa = PBXFileReference; lastKnownFileType = folder.assetcatalog; path = Assets.xcassets; sourceTree = "<group>"; };
		2B329CAB1F7D615B00DC9BEC /* Base */ = {isa = PBXFileReference; lastKnownFileType = file.storyboard; name = Base; path = Base.lproj/LaunchScreen.storyboard; sourceTree = "<group>"; };
		2B329CAD1F7D615B00DC9BEC /* Info.plist */ = {isa = PBXFileReference; lastKnownFileType = text.plist.xml; path = Info.plist; sourceTree = "<group>"; };
		2B329CB21F7D615C00DC9BEC /* tdlTests.xctest */ = {isa = PBXFileReference; explicitFileType = wrapper.cfbundle; includeInIndex = 0; path = tdlTests.xctest; sourceTree = BUILT_PRODUCTS_DIR; };
		2B329CB61F7D615C00DC9BEC /* tdlTests.swift */ = {isa = PBXFileReference; lastKnownFileType = sourcecode.swift; path = tdlTests.swift; sourceTree = "<group>"; };
		2B329CB81F7D615C00DC9BEC /* Info.plist */ = {isa = PBXFileReference; lastKnownFileType = text.plist.xml; path = Info.plist; sourceTree = "<group>"; };
		2B329CBD1F7D615C00DC9BEC /* tdlUITests.xctest */ = {isa = PBXFileReference; explicitFileType = wrapper.cfbundle; includeInIndex = 0; path = tdlUITests.xctest; sourceTree = BUILT_PRODUCTS_DIR; };
		2B329CC11F7D615C00DC9BEC /* tdlUITests.swift */ = {isa = PBXFileReference; lastKnownFileType = sourcecode.swift; path = tdlUITests.swift; sourceTree = "<group>"; };
		2B329CC31F7D615C00DC9BEC /* Info.plist */ = {isa = PBXFileReference; lastKnownFileType = text.plist.xml; path = Info.plist; sourceTree = "<group>"; };
		2B329CCF1F7D636300DC9BEC /* SecondViewController.swift */ = {isa = PBXFileReference; fileEncoding = 4; lastKnownFileType = sourcecode.swift; path = SecondViewController.swift; sourceTree = "<group>"; };
/* End PBXFileReference section */

/* Begin PBXFrameworksBuildPhase section */
		2B329C9B1F7D615B00DC9BEC /* Frameworks */ = {
			isa = PBXFrameworksBuildPhase;
			buildActionMask = 2147483647;
			files = (
			);
			runOnlyForDeploymentPostprocessing = 0;
		};
		2B329CAF1F7D615C00DC9BEC /* Frameworks */ = {
			isa = PBXFrameworksBuildPhase;
			buildActionMask = 2147483647;
			files = (
			);
			runOnlyForDeploymentPostprocessing = 0;
		};
		2B329CBA1F7D615C00DC9BEC /* Frameworks */ = {
			isa = PBXFrameworksBuildPhase;
			buildActionMask = 2147483647;
			files = (
			);
			runOnlyForDeploymentPostprocessing = 0;
		};
/* End PBXFrameworksBuildPhase section */

/* Begin PBXGroup section */
		2B329C951F7D615B00DC9BEC = {
			isa = PBXGroup;
			children = (
				2B329CA01F7D615B00DC9BEC /* tdl */,
				2B329CB51F7D615C00DC9BEC /* tdlTests */,
				2B329CC01F7D615C00DC9BEC /* tdlUITests */,
				2B329C9F1F7D615B00DC9BEC /* Products */,
			);
			sourceTree = "<group>";
		};
		2B329C9F1F7D615B00DC9BEC /* Products */ = {
			isa = PBXGroup;
			children = (
				2B329C9E1F7D615B00DC9BEC /* tdl.app */,
				2B329CB21F7D615C00DC9BEC /* tdlTests.xctest */,
				2B329CBD1F7D615C00DC9BEC /* tdlUITests.xctest */,
			);
			name = Products;
			sourceTree = "<group>";
		};
		2B329CA01F7D615B00DC9BEC /* tdl */ = {
			isa = PBXGroup;
			children = (
				2B329CA11F7D615B00DC9BEC /* AppDelegate.swift */,
				2B329CA31F7D615B00DC9BEC /* ViewController.swift */,
				2B329CCF1F7D636300DC9BEC /* SecondViewController.swift */,
				2B329CA51F7D615B00DC9BEC /* Main.storyboard */,
				2B329CA81F7D615B00DC9BEC /* Assets.xcassets */,
				2B329CAA1F7D615B00DC9BEC /* LaunchScreen.storyboard */,
				2B329CAD1F7D615B00DC9BEC /* Info.plist */,
			);
			path = tdl;
			sourceTree = "<group>";
		};
		2B329CB51F7D615C00DC9BEC /* tdlTests */ = {
			isa = PBXGroup;
			children = (
				2B329CB61F7D615C00DC9BEC /* tdlTests.swift */,
				2B329CB81F7D615C00DC9BEC /* Info.plist */,
			);
			path = tdlTests;
			sourceTree = "<group>";
		};
		2B329CC01F7D615C00DC9BEC /* tdlUITests */ = {
			isa = PBXGroup;
			children = (
				2B329CC11F7D615C00DC9BEC /* tdlUITests.swift */,
				2B329CC31F7D615C00DC9BEC /* Info.plist */,
			);
			path = tdlUITests;
			sourceTree = "<group>";
		};
/* End PBXGroup section */

/* Begin PBXNativeTarget section */
		2B329C9D1F7D615B00DC9BEC /* tdl */ = {
			isa = PBXNativeTarget;
			buildConfigurationList = 2B329CC61F7D615C00DC9BEC /* Build configuration list for PBXNativeTarget "tdl" */;
			buildPhases = (
				2B329C9A1F7D615B00DC9BEC /* Sources */,
				2B329C9B1F7D615B00DC9BEC /* Frameworks */,
				2B329C9C1F7D615B00DC9BEC /* Resources */,
			);
			buildRules = (
			);
			dependencies = (
			);
			name = tdl;
			productName = tdl;
			productReference = 2B329C9E1F7D615B00DC9BEC /* tdl.app */;
			productType = "com.apple.product-type.application";
		};
		2B329CB11F7D615C00DC9BEC /* tdlTests */ = {
			isa = PBXNativeTarget;
			buildConfigurationList = 2B329CC91F7D615C00DC9BEC /* Build configuration list for PBXNativeTarget "tdlTests" */;
			buildPhases = (
				2B329CAE1F7D615C00DC9BEC /* Sources */,
				2B329CAF1F7D615C00DC9BEC /* Frameworks */,
				2B329CB01F7D615C00DC9BEC /* Resources */,
			);
			buildRules = (
			);
			dependencies = (
				2B329CB41F7D615C00DC9BEC /* PBXTargetDependency */,
			);
			name = tdlTests;
			productName = tdlTests;
			productReference = 2B329CB21F7D615C00DC9BEC /* tdlTests.xctest */;
			productType = "com.apple.product-type.bundle.unit-test";
		};
		2B329CBC1F7D615C00DC9BEC /* tdlUITests */ = {
			isa = PBXNativeTarget;
			buildConfigurationList = 2B329CCC1F7D615C00DC9BEC /* Build configuration list for PBXNativeTarget "tdlUITests" */;
			buildPhases = (
				2B329CB91F7D615C00DC9BEC /* Sources */,
				2B329CBA1F7D615C00DC9BEC /* Frameworks */,
				2B329CBB1F7D615C00DC9BEC /* Resources */,
			);
			buildRules = (
			);
			dependencies = (
				2B329CBF1F7D615C00DC9BEC /* PBXTargetDependency */,
			);
			name = tdlUITests;
			productName = tdlUITests;
			productReference = 2B329CBD1F7D615C00DC9BEC /* tdlUITests.xctest */;
			productType = "com.apple.product-type.bundle.ui-testing";
		};
/* End PBXNativeTarget section */

/* Begin PBXProject section */
		2B329C961F7D615B00DC9BEC /* Project object */ = {
			isa = PBXProject;
			attributes = {
				LastSwiftUpdateCheck = 0830;
				LastUpgradeCheck = 0830;
				ORGANIZATIONNAME = VolodymyrOsipov;
				TargetAttributes = {
					2B329C9D1F7D615B00DC9BEC = {
						CreatedOnToolsVersion = 8.3.3;
						ProvisioningStyle = Automatic;
					};
					2B329CB11F7D615C00DC9BEC = {
						CreatedOnToolsVersion = 8.3.3;
						ProvisioningStyle = Automatic;
						TestTargetID = 2B329C9D1F7D615B00DC9BEC;
					};
					2B329CBC1F7D615C00DC9BEC = {
						CreatedOnToolsVersion = 8.3.3;
						ProvisioningStyle = Automatic;
						TestTargetID = 2B329C9D1F7D615B00DC9BEC;
					};
				};
			};
			buildConfigurationList = 2B329C991F7D615B00DC9BEC /* Build configuration list for PBXProject "tdl" */;
			compatibilityVersion = "Xcode 3.2";
			developmentRegion = English;
			hasScannedForEncodings = 0;
			knownRegions = (
				en,
				Base,
			);
			mainGroup = 2B329C951F7D615B00DC9BEC;
			productRefGroup = 2B329C9F1F7D615B00DC9BEC /* Products */;
			projectDirPath = "";
			projectRoot = "";
			targets = (
				2B329C9D1F7D615B00DC9BEC /* tdl */,
				2B329CB11F7D615C00DC9BEC /* tdlTests */,
				2B329CBC1F7D615C00DC9BEC /* tdlUITests */,
			);
		};
/* End PBXProject section */

/* Begin PBXResourcesBuildPhase section */
		2B329C9C1F7D615B00DC9BEC /* Resources */ = {
			isa = PBXResourcesBuildPhase;
			buildActionMask = 2147483647;
			files = (
				2B329CAC1F7D615B00DC9BEC /* LaunchScreen.storyboard in Resources */,
				2B329CA91F7D615B00DC9BEC /* Assets.xcassets in Resources */,
				2B329CA71F7D615B00DC9BEC /* Main.storyboard in Resources */,
			);
			runOnlyForDeploymentPostprocessing = 0;
		};
		2B329CB01F7D615C00DC9BEC /* Resources */ = {
			isa = PBXResourcesBuildPhase;
			buildActionMask = 2147483647;
			files = (
			);
			runOnlyForDeploymentPostprocessing = 0;
		};
		2B329CBB1F7D615C00DC9BEC /* Resources */ = {
			isa = PBXResourcesBuildPhase;
			buildActionMask = 2147483647;
			files = (
			);
			runOnlyForDeploymentPostprocessing = 0;
		};
/* End PBXResourcesBuildPhase section */

/* Begin PBXSourcesBuildPhase section */
		2B329C9A1F7D615B00DC9BEC /* Sources */ = {
			isa = PBXSourcesBuildPhase;
			buildActionMask = 2147483647;
			files = (
				2B329CD01F7D636300DC9BEC /* SecondViewController.swift in Sources */,
				2B329CA41F7D615B00DC9BEC /* ViewController.swift in Sources */,
				2B329CA21F7D615B00DC9BEC /* AppDelegate.swift in Sources */,
			);
			runOnlyForDeploymentPostprocessing = 0;
		};
		2B329CAE1F7D615C00DC9BEC /* Sources */ = {
			isa = PBXSourcesBuildPhase;
			buildActionMask = 2147483647;
			files = (
				2B329CB71F7D615C00DC9BEC /* tdlTests.swift in Sources */,
			);
			runOnlyForDeploymentPostprocessing = 0;
		};
		2B329CB91F7D615C00DC9BEC /* Sources */ = {
			isa = PBXSourcesBuildPhase;
			buildActionMask = 2147483647;
			files = (
				2B329CC21F7D615C00DC9BEC /* tdlUITests.swift in Sources */,
			);
			runOnlyForDeploymentPostprocessing = 0;
		};
/* End PBXSourcesBuildPhase section */

/* Begin PBXTargetDependency section */
		2B329CB41F7D615C00DC9BEC /* PBXTargetDependency */ = {
			isa = PBXTargetDependency;
			target = 2B329C9D1F7D615B00DC9BEC /* tdl */;
			targetProxy = 2B329CB31F7D615C00DC9BEC /* PBXContainerItemProxy */;
		};
		2B329CBF1F7D615C00DC9BEC /* PBXTargetDependency */ = {
			isa = PBXTargetDependency;
			target = 2B329C9D1F7D615B00DC9BEC /* tdl */;
			targetProxy = 2B329CBE1F7D615C00DC9BEC /* PBXContainerItemProxy */;
		};
/* End PBXTargetDependency section */

/* Begin PBXVariantGroup section */
		2B329CA51F7D615B00DC9BEC /* Main.storyboard */ = {
			isa = PBXVariantGroup;
			children = (
				2B329CA61F7D615B00DC9BEC /* Base */,
			);
			name = Main.storyboard;
			sourceTree = "<group>";
		};
		2B329CAA1F7D615B00DC9BEC /* LaunchScreen.storyboard */ = {
			isa = PBXVariantGroup;
			children = (
				2B329CAB1F7D615B00DC9BEC /* Base */,
			);
			name = LaunchScreen.storyboard;
			sourceTree = "<group>";
		};
/* End PBXVariantGroup section */

/* Begin XCBuildConfiguration section */
		2B329CC41F7D615C00DC9BEC /* Debug */ = {
			isa = XCBuildConfiguration;
			buildSettings = {
				ALWAYS_SEARCH_USER_PATHS = NO;
				CLANG_ANALYZER_NONNULL = YES;
				CLANG_ANALYZER_NUMBER_OBJECT_CONVERSION = YES_AGGRESSIVE;
				CLANG_CXX_LANGUAGE_STANDARD = "gnu++0x";
				CLANG_CXX_LIBRARY = "libc++";
				CLANG_ENABLE_MODULES = YES;
				CLANG_ENABLE_OBJC_ARC = YES;
				CLANG_WARN_BOOL_CONVERSION = YES;
				CLANG_WARN_CONSTANT_CONVERSION = YES;
				CLANG_WARN_DIRECT_OBJC_ISA_USAGE = YES_ERROR;
				CLANG_WARN_DOCUMENTATION_COMMENTS = YES;
				CLANG_WARN_EMPTY_BODY = YES;
				CLANG_WARN_ENUM_CONVERSION = YES;
				CLANG_WARN_INFINITE_RECURSION = YES;
				CLANG_WARN_INT_CONVERSION = YES;
				CLANG_WARN_OBJC_ROOT_CLASS = YES_ERROR;
				CLANG_WARN_SUSPICIOUS_MOVE = YES;
				CLANG_WARN_UNREACHABLE_CODE = YES;
				CLANG_WARN__DUPLICATE_METHOD_MATCH = YES;
				"CODE_SIGN_IDENTITY[sdk=iphoneos*]" = "iPhone Developer";
				COPY_PHASE_STRIP = NO;
				DEBUG_INFORMATION_FORMAT = dwarf;
				ENABLE_STRICT_OBJC_MSGSEND = YES;
				ENABLE_TESTABILITY = YES;
				GCC_C_LANGUAGE_STANDARD = gnu99;
				GCC_DYNAMIC_NO_PIC = NO;
				GCC_NO_COMMON_BLOCKS = YES;
				GCC_OPTIMIZATION_LEVEL = 0;
				GCC_PREPROCESSOR_DEFINITIONS = (
					"DEBUG=1",
					"$(inherited)",
				);
				GCC_WARN_64_TO_32_BIT_CONVERSION = YES;
				GCC_WARN_ABOUT_RETURN_TYPE = YES_ERROR;
				GCC_WARN_UNDECLARED_SELECTOR = YES;
				GCC_WARN_UNINITIALIZED_AUTOS = YES_AGGRESSIVE;
				GCC_WARN_UNUSED_FUNCTION = YES;
				GCC_WARN_UNUSED_VARIABLE = YES;
				IPHONEOS_DEPLOYMENT_TARGET = 10.3;
				MTL_ENABLE_DEBUG_INFO = YES;
				ONLY_ACTIVE_ARCH = YES;
				SDKROOT = iphoneos;
				SWIFT_ACTIVE_COMPILATION_CONDITIONS = DEBUG;
				SWIFT_OPTIMIZATION_LEVEL = "-Onone";
				TARGETED_DEVICE_FAMILY = "1,2";
			};
			name = Debug;
		};
		2B329CC51F7D615C00DC9BEC /* Release */ = {
			isa = XCBuildConfiguration;
			buildSettings = {
				ALWAYS_SEARCH_USER_PATHS = NO;
				CLANG_ANALYZER_NONNULL = YES;
				CLANG_ANALYZER_NUMBER_OBJECT_CONVERSION = YES_AGGRESSIVE;
				CLANG_CXX_LANGUAGE_STANDARD = "gnu++0x";
				CLANG_CXX_LIBRARY = "libc++";
				CLANG_ENABLE_MODULES = YES;
				CLANG_ENABLE_OBJC_ARC = YES;
				CLANG_WARN_BOOL_CONVERSION = YES;
				CLANG_WARN_CONSTANT_CONVERSION = YES;
				CLANG_WARN_DIRECT_OBJC_ISA_USAGE = YES_ERROR;
				CLANG_WARN_DOCUMENTATION_COMMENTS = YES;
				CLANG_WARN_EMPTY_BODY = YES;
				CLANG_WARN_ENUM_CONVERSION = YES;
				CLANG_WARN_INFINITE_RECURSION = YES;
				CLANG_WARN_INT_CONVERSION = YES;
				CLANG_WARN_OBJC_ROOT_CLASS = YES_ERROR;
				CLANG_WARN_SUSPICIOUS_MOVE = YES;
				CLANG_WARN_UNREACHABLE_CODE = YES;
				CLANG_WARN__DUPLICATE_METHOD_MATCH = YES;
				"CODE_SIGN_IDENTITY[sdk=iphoneos*]" = "iPhone Developer";
				COPY_PHASE_STRIP = NO;
				DEBUG_INFORMATION_FORMAT = "dwarf-with-dsym";
				ENABLE_NS_ASSERTIONS = NO;
				ENABLE_STRICT_OBJC_MSGSEND = YES;
				GCC_C_LANGUAGE_STANDARD = gnu99;
				GCC_NO_COMMON_BLOCKS = YES;
				GCC_WARN_64_TO_32_BIT_CONVERSION = YES;
				GCC_WARN_ABOUT_RETURN_TYPE = YES_ERROR;
				GCC_WARN_UNDECLARED_SELECTOR = YES;
				GCC_WARN_UNINITIALIZED_AUTOS = YES_AGGRESSIVE;
				GCC_WARN_UNUSED_FUNCTION = YES;
				GCC_WARN_UNUSED_VARIABLE = YES;
				IPHONEOS_DEPLOYMENT_TARGET = 10.3;
				MTL_ENABLE_DEBUG_INFO = NO;
				SDKROOT = iphoneos;
				SWIFT_OPTIMIZATION_LEVEL = "-Owholemodule";
				TARGETED_DEVICE_FAMILY = "1,2";
				VALIDATE_PRODUCT = YES;
			};
			name = Release;
		};
		2B329CC71F7D615C00DC9BEC /* Debug */ = {
			isa = XCBuildConfiguration;
			buildSettings = {
				ASSETCATALOG_COMPILER_APPICON_NAME = AppIcon;
				INFOPLIST_FILE = tdl/Info.plist;
				LD_RUNPATH_SEARCH_PATHS = "$(inherited) @executable_path/Frameworks";
				PRODUCT_BUNDLE_IDENTIFIER = com.VolodymyrOsipov.tdl;
				PRODUCT_NAME = "$(TARGET_NAME)";
				SWIFT_VERSION = 3.0;
			};
			name = Debug;
		};
		2B329CC81F7D615C00DC9BEC /* Release */ = {
			isa = XCBuildConfiguration;
			buildSettings = {
				ASSETCATALOG_COMPILER_APPICON_NAME = AppIcon;
				INFOPLIST_FILE = tdl/Info.plist;
				LD_RUNPATH_SEARCH_PATHS = "$(inherited) @executable_path/Frameworks";
				PRODUCT_BUNDLE_IDENTIFIER = com.VolodymyrOsipov.tdl;
				PRODUCT_NAME = "$(TARGET_NAME)";
				SWIFT_VERSION = 3.0;
			};
			name = Release;
		};
		2B329CCA1F7D615C00DC9BEC /* Debug */ = {
			isa = XCBuildConfiguration;
			buildSettings = {
				ALWAYS_EMBED_SWIFT_STANDARD_LIBRARIES = YES;
				BUNDLE_LOADER = "$(TEST_HOST)";
				INFOPLIST_FILE = tdlTests/Info.plist;
				LD_RUNPATH_SEARCH_PATHS = "$(inherited) @executable_path/Frameworks @loader_path/Frameworks";
				PRODUCT_BUNDLE_IDENTIFIER = com.VolodymyrOsipov.tdlTests;
				PRODUCT_NAME = "$(TARGET_NAME)";
				SWIFT_VERSION = 3.0;
				TEST_HOST = "$(BUILT_PRODUCTS_DIR)/tdl.app/tdl";
			};
			name = Debug;
		};
		2B329CCB1F7D615C00DC9BEC /* Release */ = {
			isa = XCBuildConfiguration;
			buildSettings = {
				ALWAYS_EMBED_SWIFT_STANDARD_LIBRARIES = YES;
				BUNDLE_LOADER = "$(TEST_HOST)";
				INFOPLIST_FILE = tdlTests/Info.plist;
				LD_RUNPATH_SEARCH_PATHS = "$(inherited) @executable_path/Frameworks @loader_path/Frameworks";
				PRODUCT_BUNDLE_IDENTIFIER = com.VolodymyrOsipov.tdlTests;
				PRODUCT_NAME = "$(TARGET_NAME)";
				SWIFT_VERSION = 3.0;
				TEST_HOST = "$(BUILT_PRODUCTS_DIR)/tdl.app/tdl";
			};
			name = Release;
		};
		2B329CCD1F7D615C00DC9BEC /* Debug */ = {
			isa = XCBuildConfiguration;
			buildSettings = {
				ALWAYS_EMBED_SWIFT_STANDARD_LIBRARIES = YES;
				INFOPLIST_FILE = tdlUITests/Info.plist;
				LD_RUNPATH_SEARCH_PATHS = "$(inherited) @executable_path/Frameworks @loader_path/Frameworks";
				PRODUCT_BUNDLE_IDENTIFIER = com.VolodymyrOsipov.tdlUITests;
				PRODUCT_NAME = "$(TARGET_NAME)";
				SWIFT_VERSION = 3.0;
				TEST_TARGET_NAME = tdl;
			};
			name = Debug;
		};
		2B329CCE1F7D615C00DC9BEC /* Release */ = {
			isa = XCBuildConfiguration;
			buildSettings = {
				ALWAYS_EMBED_SWIFT_STANDARD_LIBRARIES = YES;
				INFOPLIST_FILE = tdlUITests/Info.plist;
				LD_RUNPATH_SEARCH_PATHS = "$(inherited) @executable_path/Frameworks @loader_path/Frameworks";
				PRODUCT_BUNDLE_IDENTIFIER = com.VolodymyrOsipov.tdlUITests;
				PRODUCT_NAME = "$(TARGET_NAME)";
				SWIFT_VERSION = 3.0;
				TEST_TARGET_NAME = tdl;
			};
			name = Release;
		};
/* End XCBuildConfiguration section */

/* Begin XCConfigurationList section */
		2B329C991F7D615B00DC9BEC /* Build configuration list for PBXProject "tdl" */ = {
			isa = XCConfigurationList;
			buildConfigurations = (
				2B329CC41F7D615C00DC9BEC /* Debug */,
				2B329CC51F7D615C00DC9BEC /* Release */,
			);
			defaultConfigurationIsVisible = 0;
			defaultConfigurationName = Release;
		};
		2B329CC61F7D615C00DC9BEC /* Build configuration list for PBXNativeTarget "tdl" */ = {
			isa = XCConfigurationList;
			buildConfigurations = (
				2B329CC71F7D615C00DC9BEC /* Debug */,
				2B329CC81F7D615C00DC9BEC /* Release */,
			);
			defaultConfigurationIsVisible = 0;
		};
		2B329CC91F7D615C00DC9BEC /* Build configuration list for PBXNativeTarget "tdlTests" */ = {
			isa = XCConfigurationList;
			buildConfigurations = (
				2B329CCA1F7D615C00DC9BEC /* Debug */,
				2B329CCB1F7D615C00DC9BEC /* Release */,
			);
			defaultConfigurationIsVisible = 0;
		};
		2B329CCC1F7D615C00DC9BEC /* Build configuration list for PBXNativeTarget "tdlUITests" */ = {
			isa = XCConfigurationList;
			buildConfigurations = (
				2B329CCD1F7D615C00DC9BEC /* Debug */,
				2B329CCE1F7D615C00DC9BEC /* Release */,
			);
			defaultConfigurationIsVisible = 0;
		};
/* End XCConfigurationList section */
	};
	rootObject = 2B329C961F7D615B00DC9BEC /* Project object */;
}
